
Microsoft Visual Studio Solution File, Format Version 12.00
# Visual Studio Version 17
VisualStudioVersion = 17.11.35312.102
MinimumVisualStudioVersion = 10.0.40219.1
Project("{FAE04EC0-301F-11D3-BF4B-00C04F79EFBC}") = "Shopping List Lab", "Shopping List Lab\Shopping List Lab.csproj", "{7A60F705-28B7-4DB9-B825-4A11D7AC82EF}"
EndProject
Global
	GlobalSection(SolutionConfigurationPlatforms) = preSolution
		Debug|Any CPU = Debug|Any CPU
		Release|Any CPU = Release|Any CPU
	EndGlobalSection
	GlobalSection(ProjectConfigurationPlatforms) = postSolution
		{7A60F705-28B7-4DB9-B825-4A11D7AC82EF}.Debug|Any CPU.ActiveCfg = Debug|Any CPU
		{7A60F705-28B7-4DB9-B825-4A11D7AC82EF}.Debug|Any CPU.Build.0 = Debug|Any CPU
		{7A60F705-28B7-4DB9-B825-4A11D7AC82EF}.Release|Any CPU.ActiveCfg = Release|Any CPU
		{7A60F705-28B7-4DB9-B825-4A11D7AC82EF}.Release|Any CPU.Build.0 = Release|Any CPU
	EndGlobalSection
	GlobalSection(SolutionProperties) = preSolution
		HideSolutionNode = FALSE
	EndGlobalSection
	GlobalSection(ExtensibilityGlobals) = postSolution
		SolutionGuid = {50C42EC0-C65C-4C28-8CB1-398E5D12773B}
	EndGlobalSection
EndGlobal
